
Microsoft Visual Studio Solution File, Format Version 12.00
# Visual Studio Version 17
VisualStudioVersion = 17.8.34309.116
MinimumVisualStudioVersion = 10.0.40219.1
Project("{FAE04EC0-301F-11D3-BF4B-00C04F79EFBC}") = "AlShifaEHR.Server", "AlShifaEHR.Server\AlShifaEHR.Server.csproj", "{0639625D-3FF0-483F-B893-321142C79744}"
EndProject
Project("{54A90642-561A-4BB1-A94E-469ADEE60C69}") = "alshifaehr.client", "alshifaehr.client\alshifaehr.client.esproj", "{3131B14E-B1BD-4369-927D-0A0DC2FCEF12}"
EndProject
Global
	GlobalSection(SolutionConfigurationPlatforms) = preSolution
		Debug|Any CPU = Debug|Any CPU
		Release|Any CPU = Release|Any CPU
	EndGlobalSection
	GlobalSection(ProjectConfigurationPlatforms) = postSolution
		{0639625D-3FF0-483F-B893-321142C79744}.Debug|Any CPU.ActiveCfg = Debug|Any CPU
		{0639625D-3FF0-483F-B893-321142C79744}.Debug|Any CPU.Build.0 = Debug|Any CPU
		{0639625D-3FF0-483F-B893-321142C79744}.Release|Any CPU.ActiveCfg = Release|Any CPU
		{0639625D-3FF0-483F-B893-321142C79744}.Release|Any CPU.Build.0 = Release|Any CPU
		{3131B14E-B1BD-4369-927D-0A0DC2FCEF12}.Debug|Any CPU.ActiveCfg = Debug|Any CPU
		{3131B14E-B1BD-4369-927D-0A0DC2FCEF12}.Debug|Any CPU.Build.0 = Debug|Any CPU
		{3131B14E-B1BD-4369-927D-0A0DC2FCEF12}.Debug|Any CPU.Deploy.0 = Debug|Any CPU
		{3131B14E-B1BD-4369-927D-0A0DC2FCEF12}.Release|Any CPU.ActiveCfg = Release|Any CPU
		{3131B14E-B1BD-4369-927D-0A0DC2FCEF12}.Release|Any CPU.Build.0 = Release|Any CPU
		{3131B14E-B1BD-4369-927D-0A0DC2FCEF12}.Release|Any CPU.Deploy.0 = Release|Any CPU
	EndGlobalSection
	GlobalSection(SolutionProperties) = preSolution
		HideSolutionNode = FALSE
	EndGlobalSection
	GlobalSection(ExtensibilityGlobals) = postSolution
		SolutionGuid = {30354D8B-AFCF-4A31-B9D7-A3CDDC5AAECC}
	EndGlobalSection
EndGlobal
